
Microsoft Visual Studio Solution File, Format Version 11.00
# Visual Studio 2010
Project("{FAE04EC0-301F-11D3-BF4B-00C04F79EFBC}") = "MsAccessRestrictor.Tests", "MsAccessRestrictorTests\MsAccessRestrictor.Tests.csproj", "{DCFA094F-F1D8-46DF-80BC-5884300C1E5A}"
EndProject
Project("{FAE04EC0-301F-11D3-BF4B-00C04F79EFBC}") = "MsAccessRestrictor", "MsAccessRestrictor\MsAccessRestrictor.csproj", "{E04EDC58-0B5B-4EC3-835F-BB59E7C5182E}"
EndProject
Global
	GlobalSection(TestCaseManagementSettings) = postSolution
		CategoryFile = MsAccessRestrictor.vsmdi
	EndGlobalSection
	GlobalSection(SolutionConfigurationPlatforms) = preSolution
		Debug|Any CPU = Debug|Any CPU
		Debug|Mixed Platforms = Debug|Mixed Platforms
		Debug|x86 = Debug|x86
		Release|Any CPU = Release|Any CPU
		Release|Mixed Platforms = Release|Mixed Platforms
		Release|x86 = Release|x86
	EndGlobalSection
	GlobalSection(ProjectConfigurationPlatforms) = postSolution
		{DCFA094F-F1D8-46DF-80BC-5884300C1E5A}.Debug|Any CPU.ActiveCfg = Debug|Any CPU
		{DCFA094F-F1D8-46DF-80BC-5884300C1E5A}.Debug|Any CPU.Build.0 = Debug|Any CPU
		{DCFA094F-F1D8-46DF-80BC-5884300C1E5A}.Debug|Mixed Platforms.ActiveCfg = Debug|Any CPU
		{DCFA094F-F1D8-46DF-80BC-5884300C1E5A}.Debug|Mixed Platforms.Build.0 = Debug|Any CPU
		{DCFA094F-F1D8-46DF-80BC-5884300C1E5A}.Debug|x86.ActiveCfg = Debug|Any CPU
		{DCFA094F-F1D8-46DF-80BC-5884300C1E5A}.Release|Any CPU.ActiveCfg = Release|Any CPU
		{DCFA094F-F1D8-46DF-80BC-5884300C1E5A}.Release|Any CPU.Build.0 = Release|Any CPU
		{DCFA094F-F1D8-46DF-80BC-5884300C1E5A}.Release|Mixed Platforms.ActiveCfg = Release|Any CPU
		{DCFA094F-F1D8-46DF-80BC-5884300C1E5A}.Release|Mixed Platforms.Build.0 = Release|Any CPU
		{DCFA094F-F1D8-46DF-80BC-5884300C1E5A}.Release|x86.ActiveCfg = Release|Any CPU
		{E04EDC58-0B5B-4EC3-835F-BB59E7C5182E}.Debug|Any CPU.ActiveCfg = Debug|x86
		{E04EDC58-0B5B-4EC3-835F-BB59E7C5182E}.Debug|Mixed Platforms.ActiveCfg = Debug|x86
		{E04EDC58-0B5B-4EC3-835F-BB59E7C5182E}.Debug|Mixed Platforms.Build.0 = Debug|x86
		{E04EDC58-0B5B-4EC3-835F-BB59E7C5182E}.Debug|x86.ActiveCfg = Debug|x86
		{E04EDC58-0B5B-4EC3-835F-BB59E7C5182E}.Debug|x86.Build.0 = Debug|x86
		{E04EDC58-0B5B-4EC3-835F-BB59E7C5182E}.Release|Any CPU.ActiveCfg = Release|x86
		{E04EDC58-0B5B-4EC3-835F-BB59E7C5182E}.Release|Mixed Platforms.ActiveCfg = Release|x86
		{E04EDC58-0B5B-4EC3-835F-BB59E7C5182E}.Release|Mixed Platforms.Build.0 = Release|x86
		{E04EDC58-0B5B-4EC3-835F-BB59E7C5182E}.Release|x86.ActiveCfg = Release|x86
		{E04EDC58-0B5B-4EC3-835F-BB59E7C5182E}.Release|x86.Build.0 = Release|x86
	EndGlobalSection
	GlobalSection(SolutionProperties) = preSolution
		HideSolutionNode = FALSE
	EndGlobalSection
EndGlobal
